// !$*UTF8*$!
{
	archiveVersion = 1;
	classes = {
	};
	objectVersion = 46;
	objects = {

/* Begin PBXBuildFile section */
		9A3AD4531BCF538D00F2AB75 /* AppDelegate.swift in Sources */ = {isa = PBXBuildFile; fileRef = 9A3AD4521BCF538D00F2AB75 /* AppDelegate.swift */; };
		9A3AD4551BCF538D00F2AB75 /* ViewController.swift in Sources */ = {isa = PBXBuildFile; fileRef = 9A3AD4541BCF538D00F2AB75 /* ViewController.swift */; };
		9A3AD4581BCF538D00F2AB75 /* Main.storyboard in Resources */ = {isa = PBXBuildFile; fileRef = 9A3AD4561BCF538D00F2AB75 /* Main.storyboard */; };
		9A3AD45A1BCF538D00F2AB75 /* Assets.xcassets in Resources */ = {isa = PBXBuildFile; fileRef = 9A3AD4591BCF538D00F2AB75 /* Assets.xcassets */; };
		9A3AD45D1BCF538D00F2AB75 /* LaunchScreen.storyboard in Resources */ = {isa = PBXBuildFile; fileRef = 9A3AD45B1BCF538D00F2AB75 /* LaunchScreen.storyboard */; };
		9A3AD4681BCF538E00F2AB75 /* SPlayer_ExampleTests.swift in Sources */ = {isa = PBXBuildFile; fileRef = 9A3AD4671BCF538E00F2AB75 /* SPlayer_ExampleTests.swift */; };
		9A3AD4731BCF538E00F2AB75 /* SPlayer_ExampleUITests.swift in Sources */ = {isa = PBXBuildFile; fileRef = 9A3AD4721BCF538E00F2AB75 /* SPlayer_ExampleUITests.swift */; };
		9A3AD4811BCF53A500F2AB75 /* SPlayer.swift in Sources */ = {isa = PBXBuildFile; fileRef = 9A3AD4801BCF53A500F2AB75 /* SPlayer.swift */; };
		9A9F0D9B1BD1B11E007B64DD /* spiral.wav in Resources */ = {isa = PBXBuildFile; fileRef = 9A9F0D9A1BD1B11E007B64DD /* spiral.wav */; };
		9AD1F31B1C4E025C00CFE3BB /* playbutton.png in Resources */ = {isa = PBXBuildFile; fileRef = 9AD1F31A1C4E025C00CFE3BB /* playbutton.png */; };
/* End PBXBuildFile section */

/* Begin PBXContainerItemProxy section */
		9A3AD4641BCF538E00F2AB75 /* PBXContainerItemProxy */ = {
			isa = PBXContainerItemProxy;
			containerPortal = 9A3AD4471BCF538D00F2AB75 /* Project object */;
			proxyType = 1;
			remoteGlobalIDString = 9A3AD44E1BCF538D00F2AB75;
			remoteInfo = "SPlayer Example";
		};
		9A3AD46F1BCF538E00F2AB75 /* PBXContainerItemProxy */ = {
			isa = PBXContainerItemProxy;
			containerPortal = 9A3AD4471BCF538D00F2AB75 /* Project object */;
			proxyType = 1;
			remoteGlobalIDString = 9A3AD44E1BCF538D00F2AB75;
			remoteInfo = "SPlayer Example";
		};
/* End PBXContainerItemProxy section */

/* Begin PBXFileReference section */
		9A3AD44F1BCF538D00F2AB75 /* SPlayer Example.app */ = {isa = PBXFileReference; explicitFileType = wrapper.application; includeInIndex = 0; path = "SPlayer Example.app"; sourceTree = BUILT_PRODUCTS_DIR; };
		9A3AD4521BCF538D00F2AB75 /* AppDelegate.swift */ = {isa = PBXFileReference; lastKnownFileType = sourcecode.swift; path = AppDelegate.swift; sourceTree = "<group>"; };
		9A3AD4541BCF538D00F2AB75 /* ViewController.swift */ = {isa = PBXFileReference; lastKnownFileType = sourcecode.swift; path = ViewController.swift; sourceTree = "<group>"; };
		9A3AD4571BCF538D00F2AB75 /* Base */ = {isa = PBXFileReference; lastKnownFileType = file.storyboard; name = Base; path = Base.lproj/Main.storyboard; sourceTree = "<group>"; };
		9A3AD4591BCF538D00F2AB75 /* Assets.xcassets */ = {isa = PBXFileReference; lastKnownFileType = folder.assetcatalog; path = Assets.xcassets; sourceTree = "<group>"; };
		9A3AD45C1BCF538D00F2AB75 /* Base */ = {isa = PBXFileReference; lastKnownFileType = file.storyboard; name = Base; path = Base.lproj/LaunchScreen.storyboard; sourceTree = "<group>"; };
		9A3AD45E1BCF538D00F2AB75 /* Info.plist */ = {isa = PBXFileReference; lastKnownFileType = text.plist.xml; path = Info.plist; sourceTree = "<group>"; };
		9A3AD4631BCF538E00F2AB75 /* SPlayer ExampleTests.xctest */ = {isa = PBXFileReference; explicitFileType = wrapper.cfbundle; includeInIndex = 0; path = "SPlayer ExampleTests.xctest"; sourceTree = BUILT_PRODUCTS_DIR; };
		9A3AD4671BCF538E00F2AB75 /* SPlayer_ExampleTests.swift */ = {isa = PBXFileReference; lastKnownFileType = sourcecode.swift; path = SPlayer_ExampleTests.swift; sourceTree = "<group>"; };
		9A3AD4691BCF538E00F2AB75 /* Info.plist */ = {isa = PBXFileReference; lastKnownFileType = text.plist.xml; path = Info.plist; sourceTree = "<group>"; };
		9A3AD46E1BCF538E00F2AB75 /* SPlayer ExampleUITests.xctest */ = {isa = PBXFileReference; explicitFileType = wrapper.cfbundle; includeInIndex = 0; path = "SPlayer ExampleUITests.xctest"; sourceTree = BUILT_PRODUCTS_DIR; };
		9A3AD4721BCF538E00F2AB75 /* SPlayer_ExampleUITests.swift */ = {isa = PBXFileReference; lastKnownFileType = sourcecode.swift; path = SPlayer_ExampleUITests.swift; sourceTree = "<group>"; };
		9A3AD4741BCF538E00F2AB75 /* Info.plist */ = {isa = PBXFileReference; lastKnownFileType = text.plist.xml; path = Info.plist; sourceTree = "<group>"; };
		9A3AD4801BCF53A500F2AB75 /* SPlayer.swift */ = {isa = PBXFileReference; fileEncoding = 4; lastKnownFileType = sourcecode.swift; path = SPlayer.swift; sourceTree = "<group>"; };
		9A9F0D9A1BD1B11E007B64DD /* spiral.wav */ = {isa = PBXFileReference; lastKnownFileType = audio.wav; path = spiral.wav; sourceTree = "<group>"; };
		9AD1F31A1C4E025C00CFE3BB /* playbutton.png */ = {isa = PBXFileReference; lastKnownFileType = image.png; path = playbutton.png; sourceTree = "<group>"; };
/* End PBXFileReference section */

/* Begin PBXFrameworksBuildPhase section */
		9A3AD44C1BCF538D00F2AB75 /* Frameworks */ = {
			isa = PBXFrameworksBuildPhase;
			buildActionMask = 2147483647;
			files = (
			);
			runOnlyForDeploymentPostprocessing = 0;
		};
		9A3AD4601BCF538E00F2AB75 /* Frameworks */ = {
			isa = PBXFrameworksBuildPhase;
			buildActionMask = 2147483647;
			files = (
			);
			runOnlyForDeploymentPostprocessing = 0;
		};
		9A3AD46B1BCF538E00F2AB75 /* Frameworks */ = {
			isa = PBXFrameworksBuildPhase;
			buildActionMask = 2147483647;
			files = (
			);
			runOnlyForDeploymentPostprocessing = 0;
		};
/* End PBXFrameworksBuildPhase section */

/* Begin PBXGroup section */
		9A3AD4461BCF538D00F2AB75 = {
			isa = PBXGroup;
			children = (
				9A3AD4511BCF538D00F2AB75 /* SPlayer Example */,
				9A3AD4661BCF538E00F2AB75 /* SPlayer ExampleTests */,
				9A3AD4711BCF538E00F2AB75 /* SPlayer ExampleUITests */,
				9A3AD4501BCF538D00F2AB75 /* Products */,
			);
			sourceTree = "<group>";
		};
		9A3AD4501BCF538D00F2AB75 /* Products */ = {
			isa = PBXGroup;
			children = (
				9A3AD44F1BCF538D00F2AB75 /* SPlayer Example.app */,
				9A3AD4631BCF538E00F2AB75 /* SPlayer ExampleTests.xctest */,
				9A3AD46E1BCF538E00F2AB75 /* SPlayer ExampleUITests.xctest */,
			);
			name = Products;
			sourceTree = "<group>";
		};
		9A3AD4511BCF538D00F2AB75 /* SPlayer Example */ = {
			isa = PBXGroup;
			children = (
				9A3AD4521BCF538D00F2AB75 /* AppDelegate.swift */,
				9A3AD4541BCF538D00F2AB75 /* ViewController.swift */,
				9A3AD4561BCF538D00F2AB75 /* Main.storyboard */,
				9A3AD4591BCF538D00F2AB75 /* Assets.xcassets */,
				9A3AD45B1BCF538D00F2AB75 /* LaunchScreen.storyboard */,
				9A3AD45E1BCF538D00F2AB75 /* Info.plist */,
				9A9F0D9A1BD1B11E007B64DD /* spiral.wav */,
				9A3AD4801BCF53A500F2AB75 /* SPlayer.swift */,
				9AD1F31A1C4E025C00CFE3BB /* playbutton.png */,
			);
			path = "SPlayer Example";
			sourceTree = "<group>";
		};
		9A3AD4661BCF538E00F2AB75 /* SPlayer ExampleTests */ = {
			isa = PBXGroup;
			children = (
				9A3AD4671BCF538E00F2AB75 /* SPlayer_ExampleTests.swift */,
				9A3AD4691BCF538E00F2AB75 /* Info.plist */,
			);
			path = "SPlayer ExampleTests";
			sourceTree = "<group>";
		};
		9A3AD4711BCF538E00F2AB75 /* SPlayer ExampleUITests */ = {
			isa = PBXGroup;
			children = (
				9A3AD4721BCF538E00F2AB75 /* SPlayer_ExampleUITests.swift */,
				9A3AD4741BCF538E00F2AB75 /* Info.plist */,
			);
			path = "SPlayer ExampleUITests";
			sourceTree = "<group>";
		};
/* End PBXGroup section */

/* Begin PBXNativeTarget section */
		9A3AD44E1BCF538D00F2AB75 /* SPlayer Example */ = {
			isa = PBXNativeTarget;
			buildConfigurationList = 9A3AD4771BCF538E00F2AB75 /* Build configuration list for PBXNativeTarget "SPlayer Example" */;
			buildPhases = (
				9A3AD44B1BCF538D00F2AB75 /* Sources */,
				9A3AD44C1BCF538D00F2AB75 /* Frameworks */,
				9A3AD44D1BCF538D00F2AB75 /* Resources */,
			);
			buildRules = (
			);
			dependencies = (
			);
			name = "SPlayer Example";
			productName = "SPlayer Example";
			productReference = 9A3AD44F1BCF538D00F2AB75 /* SPlayer Example.app */;
			productType = "com.apple.product-type.application";
		};
		9A3AD4621BCF538E00F2AB75 /* SPlayer ExampleTests */ = {
			isa = PBXNativeTarget;
			buildConfigurationList = 9A3AD47A1BCF538E00F2AB75 /* Build configuration list for PBXNativeTarget "SPlayer ExampleTests" */;
			buildPhases = (
				9A3AD45F1BCF538E00F2AB75 /* Sources */,
				9A3AD4601BCF538E00F2AB75 /* Frameworks */,
				9A3AD4611BCF538E00F2AB75 /* Resources */,
			);
			buildRules = (
			);
			dependencies = (
				9A3AD4651BCF538E00F2AB75 /* PBXTargetDependency */,
			);
			name = "SPlayer ExampleTests";
			productName = "SPlayer ExampleTests";
			productReference = 9A3AD4631BCF538E00F2AB75 /* SPlayer ExampleTests.xctest */;
			productType = "com.apple.product-type.bundle.unit-test";
		};
		9A3AD46D1BCF538E00F2AB75 /* SPlayer ExampleUITests */ = {
			isa = PBXNativeTarget;
			buildConfigurationList = 9A3AD47D1BCF538E00F2AB75 /* Build configuration list for PBXNativeTarget "SPlayer ExampleUITests" */;
			buildPhases = (
				9A3AD46A1BCF538E00F2AB75 /* Sources */,
				9A3AD46B1BCF538E00F2AB75 /* Frameworks */,
				9A3AD46C1BCF538E00F2AB75 /* Resources */,
			);
			buildRules = (
			);
			dependencies = (
				9A3AD4701BCF538E00F2AB75 /* PBXTargetDependency */,
			);
			name = "SPlayer ExampleUITests";
			productName = "SPlayer ExampleUITests";
			productReference = 9A3AD46E1BCF538E00F2AB75 /* SPlayer ExampleUITests.xctest */;
			productType = "com.apple.product-type.bundle.ui-testing";
		};
/* End PBXNativeTarget section */

/* Begin PBXProject section */
		9A3AD4471BCF538D00F2AB75 /* Project object */ = {
			isa = PBXProject;
			attributes = {
				LastUpgradeCheck = 0700;
				ORGANIZATIONNAME = Guled;
				TargetAttributes = {
					9A3AD44E1BCF538D00F2AB75 = {
						CreatedOnToolsVersion = 7.0.1;
					};
					9A3AD4621BCF538E00F2AB75 = {
						CreatedOnToolsVersion = 7.0.1;
						TestTargetID = 9A3AD44E1BCF538D00F2AB75;
					};
					9A3AD46D1BCF538E00F2AB75 = {
						CreatedOnToolsVersion = 7.0.1;
						TestTargetID = 9A3AD44E1BCF538D00F2AB75;
					};
				};
			};
			buildConfigurationList = 9A3AD44A1BCF538D00F2AB75 /* Build configuration list for PBXProject "SPlayer Example" */;
			compatibilityVersion = "Xcode 3.2";
			developmentRegion = English;
			hasScannedForEncodings = 0;
			knownRegions = (
				en,
				Base,
			);
			mainGroup = 9A3AD4461BCF538D00F2AB75;
			productRefGroup = 9A3AD4501BCF538D00F2AB75 /* Products */;
			projectDirPath = "";
			projectRoot = "";
			targets = (
				9A3AD44E1BCF538D00F2AB75 /* SPlayer Example */,
				9A3AD4621BCF538E00F2AB75 /* SPlayer ExampleTests */,
				9A3AD46D1BCF538E00F2AB75 /* SPlayer ExampleUITests */,
			);
		};
/* End PBXProject section */

/* Begin PBXResourcesBuildPhase section */
		9A3AD44D1BCF538D00F2AB75 /* Resources */ = {
			isa = PBXResourcesBuildPhase;
			buildActionMask = 2147483647;
			files = (
				9A3AD45D1BCF538D00F2AB75 /* LaunchScreen.storyboard in Resources */,
				9AD1F31B1C4E025C00CFE3BB /* playbutton.png in Resources */,
				9A9F0D9B1BD1B11E007B64DD /* spiral.wav in Resources */,
				9A3AD45A1BCF538D00F2AB75 /* Assets.xcassets in Resources */,
				9A3AD4581BCF538D00F2AB75 /* Main.storyboard in Resources */,
			);
			runOnlyForDeploymentPostprocessing = 0;
		};
		9A3AD4611BCF538E00F2AB75 /* Resources */ = {
			isa = PBXResourcesBuildPhase;
			buildActionMask = 2147483647;
			files = (
			);
			runOnlyForDeploymentPostprocessing = 0;
		};
		9A3AD46C1BCF538E00F2AB75 /* Resources */ = {
			isa = PBXResourcesBuildPhase;
			buildActionMask = 2147483647;
			files = (
			);
			runOnlyForDeploymentPostprocessing = 0;
		};
/* End PBXResourcesBuildPhase section */

/* Begin PBXSourcesBuildPhase section */
		9A3AD44B1BCF538D00F2AB75 /* Sources */ = {
			isa = PBXSourcesBuildPhase;
			buildActionMask = 2147483647;
			files = (
				9A3AD4551BCF538D00F2AB75 /* ViewController.swift in Sources */,
				9A3AD4531BCF538D00F2AB75 /* AppDelegate.swift in Sources */,
				9A3AD4811BCF53A500F2AB75 /* SPlayer.swift in Sources */,
			);
			runOnlyForDeploymentPostprocessing = 0;
		};
		9A3AD45F1BCF538E00F2AB75 /* Sources */ = {
			isa = PBXSourcesBuildPhase;
			buildActionMask = 2147483647;
			files = (
				9A3AD4681BCF538E00F2AB75 /* SPlayer_ExampleTests.swift in Sources */,
			);
			runOnlyForDeploymentPostprocessing = 0;
		};
		9A3AD46A1BCF538E00F2AB75 /* Sources */ = {
			isa = PBXSourcesBuildPhase;
			buildActionMask = 2147483647;
			files = (
				9A3AD4731BCF538E00F2AB75 /* SPlayer_ExampleUITests.swift in Sources */,
			);
			runOnlyForDeploymentPostprocessing = 0;
		};
/* End PBXSourcesBuildPhase section */

/* Begin PBXTargetDependency section */
		9A3AD4651BCF538E00F2AB75 /* PBXTargetDependency */ = {
			isa = PBXTargetDependency;
			target = 9A3AD44E1BCF538D00F2AB75 /* SPlayer Example */;
			targetProxy = 9A3AD4641BCF538E00F2AB75 /* PBXContainerItemProxy */;
		};
		9A3AD4701BCF538E00F2AB75 /* PBXTargetDependency */ = {
			isa = PBXTargetDependency;
			target = 9A3AD44E1BCF538D00F2AB75 /* SPlayer Example */;
			targetProxy = 9A3AD46F1BCF538E00F2AB75 /* PBXContainerItemProxy */;
		};
/* End PBXTargetDependency section */

/* Begin PBXVariantGroup section */
		9A3AD4561BCF538D00F2AB75 /* Main.storyboard */ = {
			isa = PBXVariantGroup;
			children = (
				9A3AD4571BCF538D00F2AB75 /* Base */,
			);
			name = Main.storyboard;
			sourceTree = "<group>";
		};
		9A3AD45B1BCF538D00F2AB75 /* LaunchScreen.storyboard */ = {
			isa = PBXVariantGroup;
			children = (
				9A3AD45C1BCF538D00F2AB75 /* Base */,
			);
			name = LaunchScreen.storyboard;
			sourceTree = "<group>";
		};
/* End PBXVariantGroup section */

/* Begin XCBuildConfiguration section */
		9A3AD4751BCF538E00F2AB75 /* Debug */ = {
			isa = XCBuildConfiguration;
			buildSettings = {
				ALWAYS_SEARCH_USER_PATHS = NO;
				CLANG_CXX_LANGUAGE_STANDARD = "gnu++0x";
				CLANG_CXX_LIBRARY = "libc++";
				CLANG_ENABLE_MODULES = YES;
				CLANG_ENABLE_OBJC_ARC = YES;
				CLANG_WARN_BOOL_CONVERSION = YES;
				CLANG_WARN_CONSTANT_CONVERSION = YES;
				CLANG_WARN_DIRECT_OBJC_ISA_USAGE = YES_ERROR;
				CLANG_WARN_EMPTY_BODY = YES;
				CLANG_WARN_ENUM_CONVERSION = YES;
				CLANG_WARN_INT_CONVERSION = YES;
				CLANG_WARN_OBJC_ROOT_CLASS = YES_ERROR;
				CLANG_WARN_UNREACHABLE_CODE = YES;
				CLANG_WARN__DUPLICATE_METHOD_MATCH = YES;
				"CODE_SIGN_IDENTITY[sdk=iphoneos*]" = "iPhone Developer";
				COPY_PHASE_STRIP = NO;
				DEBUG_INFORMATION_FORMAT = dwarf;
				ENABLE_STRICT_OBJC_MSGSEND = YES;
				ENABLE_TESTABILITY = YES;
				GCC_C_LANGUAGE_STANDARD = gnu99;
				GCC_DYNAMIC_NO_PIC = NO;
				GCC_NO_COMMON_BLOCKS = YES;
				GCC_OPTIMIZATION_LEVEL = 0;
				GCC_PREPROCESSOR_DEFINITIONS = (
					"DEBUG=1",
					"$(inherited)",
				);
				GCC_WARN_64_TO_32_BIT_CONVERSION = YES;
				GCC_WARN_ABOUT_RETURN_TYPE = YES_ERROR;
				GCC_WARN_UNDECLARED_SELECTOR = YES;
				GCC_WARN_UNINITIALIZED_AUTOS = YES_AGGRESSIVE;
				GCC_WARN_UNUSED_FUNCTION = YES;
				GCC_WARN_UNUSED_VARIABLE = YES;
				IPHONEOS_DEPLOYMENT_TARGET = 9.0;
				MTL_ENABLE_DEBUG_INFO = YES;
				ONLY_ACTIVE_ARCH = YES;
				SDKROOT = iphoneos;
				SWIFT_OPTIMIZATION_LEVEL = "-Onone";
			};
			name = Debug;
		};
		9A3AD4761BCF538E00F2AB75 /* Release */ = {
			isa = XCBuildConfiguration;
			buildSettings = {
				ALWAYS_SEARCH_USER_PATHS = NO;
				CLANG_CXX_LANGUAGE_STANDARD = "gnu++0x";
				CLANG_CXX_LIBRARY = "libc++";
				CLANG_ENABLE_MODULES = YES;
				CLANG_ENABLE_OBJC_ARC = YES;
				CLANG_WARN_BOOL_CONVERSION = YES;
				CLANG_WARN_CONSTANT_CONVERSION = YES;
				CLANG_WARN_DIRECT_OBJC_ISA_USAGE = YES_ERROR;
				CLANG_WARN_EMPTY_BODY = YES;
				CLANG_WARN_ENUM_CONVERSION = YES;
				CLANG_WARN_INT_CONVERSION = YES;
				CLANG_WARN_OBJC_ROOT_CLASS = YES_ERROR;
				CLANG_WARN_UNREACHABLE_CODE = YES;
				CLANG_WARN__DUPLICATE_METHOD_MATCH = YES;
				"CODE_SIGN_IDENTITY[sdk=iphoneos*]" = "iPhone Developer";
				COPY_PHASE_STRIP = NO;
				DEBUG_INFORMATION_FORMAT = "dwarf-with-dsym";
				ENABLE_NS_ASSERTIONS = NO;
				ENABLE_STRICT_OBJC_MSGSEND = YES;
				GCC_C_LANGUAGE_STANDARD = gnu99;
				GCC_NO_COMMON_BLOCKS = YES;
				GCC_WARN_64_TO_32_BIT_CONVERSION = YES;
				GCC_WARN_ABOUT_RETURN_TYPE = YES_ERROR;
				GCC_WARN_UNDECLARED_SELECTOR = YES;
				GCC_WARN_UNINITIALIZED_AUTOS = YES_AGGRESSIVE;
				GCC_WARN_UNUSED_FUNCTION = YES;
				GCC_WARN_UNUSED_VARIABLE = YES;
				IPHONEOS_DEPLOYMENT_TARGET = 9.0;
				MTL_ENABLE_DEBUG_INFO = NO;
				SDKROOT = iphoneos;
				VALIDATE_PRODUCT = YES;
			};
			name = Release;
		};
		9A3AD4781BCF538E00F2AB75 /* Debug */ = {
			isa = XCBuildConfiguration;
			buildSettings = {
				ASSETCATALOG_COMPILER_APPICON_NAME = AppIcon;
				INFOPLIST_FILE = "SPlayer Example/Info.plist";
				LD_RUNPATH_SEARCH_PATHS = "$(inherited) @executable_path/Frameworks";
				PRODUCT_BUNDLE_IDENTIFIER = "com.example.SPlayer-Example";
				PRODUCT_NAME = "$(TARGET_NAME)";
			};
			name = Debug;
		};
		9A3AD4791BCF538E00F2AB75 /* Release */ = {
			isa = XCBuildConfiguration;
			buildSettings = {
				ASSETCATALOG_COMPILER_APPICON_NAME = AppIcon;
				INFOPLIST_FILE = "SPlayer Example/Info.plist";
				LD_RUNPATH_SEARCH_PATHS = "$(inherited) @executable_path/Frameworks";
				PRODUCT_BUNDLE_IDENTIFIER = "com.example.SPlayer-Example";
				PRODUCT_NAME = "$(TARGET_NAME)";
			};
			name = Release;
		};
		9A3AD47B1BCF538E00F2AB75 /* Debug */ = {
			isa = XCBuildConfiguration;
			buildSettings = {
				BUNDLE_LOADER = "$(TEST_HOST)";
				INFOPLIST_FILE = "SPlayer ExampleTests/Info.plist";
				LD_RUNPATH_SEARCH_PATHS = "$(inherited) @executable_path/Frameworks @loader_path/Frameworks";
				PRODUCT_BUNDLE_IDENTIFIER = "com.example.SPlayer-ExampleTests";
				PRODUCT_NAME = "$(TARGET_NAME)";
				TEST_HOST = "$(BUILT_PRODUCTS_DIR)/SPlayer Example.app/SPlayer Example";
			};
			name = Debug;
		};
		9A3AD47C1BCF538E00F2AB75 /* Release */ = {
			isa = XCBuildConfiguration;
			buildSettings = {
				BUNDLE_LOADER = "$(TEST_HOST)";
				INFOPLIST_FILE = "SPlayer ExampleTests/Info.plist";
				LD_RUNPATH_SEARCH_PATHS = "$(inherited) @executable_path/Frameworks @loader_path/Frameworks";
				PRODUCT_BUNDLE_IDENTIFIER = "com.example.SPlayer-ExampleTests";
				PRODUCT_NAME = "$(TARGET_NAME)";
				TEST_HOST = "$(BUILT_PRODUCTS_DIR)/SPlayer Example.app/SPlayer Example";
			};
			name = Release;
		};
		9A3AD47E1BCF538E00F2AB75 /* Debug */ = {
			isa = XCBuildConfiguration;
			buildSettings = {
				INFOPLIST_FILE = "SPlayer ExampleUITests/Info.plist";
				LD_RUNPATH_SEARCH_PATHS = "$(inherited) @executable_path/Frameworks @loader_path/Frameworks";
				PRODUCT_BUNDLE_IDENTIFIER = "com.example.SPlayer-ExampleUITests";
				PRODUCT_NAME = "$(TARGET_NAME)";
				TEST_TARGET_NAME = "SPlayer Example";
				USES_XCTRUNNER = YES;
			};
			name = Debug;
		};
		9A3AD47F1BCF538E00F2AB75 /* Release */ = {
			isa = XCBuildConfiguration;
			buildSettings = {
				INFOPLIST_FILE = "SPlayer ExampleUITests/Info.plist";
				LD_RUNPATH_SEARCH_PATHS = "$(inherited) @executable_path/Frameworks @loader_path/Frameworks";
				PRODUCT_BUNDLE_IDENTIFIER = "com.example.SPlayer-ExampleUITests";
				PRODUCT_NAME = "$(TARGET_NAME)";
				TEST_TARGET_NAME = "SPlayer Example";
				USES_XCTRUNNER = YES;
			};
			name = Release;
		};
/* End XCBuildConfiguration section */

/* Begin XCConfigurationList section */
		9A3AD44A1BCF538D00F2AB75 /* Build configuration list for PBXProject "SPlayer Example" */ = {
			isa = XCConfigurationList;
			buildConfigurations = (
				9A3AD4751BCF538E00F2AB75 /* Debug */,
				9A3AD4761BCF538E00F2AB75 /* Release */,
			);
			defaultConfigurationIsVisible = 0;
			defaultConfigurationName = Release;
		};
		9A3AD4771BCF538E00F2AB75 /* Build configuration list for PBXNativeTarget "SPlayer Example" */ = {
			isa = XCConfigurationList;
			buildConfigurations = (
				9A3AD4781BCF538E00F2AB75 /* Debug */,
				9A3AD4791BCF538E00F2AB75 /* Release */,
			);
			defaultConfigurationIsVisible = 0;
			defaultConfigurationName = Release;
		};
		9A3AD47A1BCF538E00F2AB75 /* Build configuration list for PBXNativeTarget "SPlayer ExampleTests" */ = {
			isa = XCConfigurationList;
			buildConfigurations = (
				9A3AD47B1BCF538E00F2AB75 /* Debug */,
				9A3AD47C1BCF538E00F2AB75 /* Release */,
			);
			defaultConfigurationIsVisible = 0;
			defaultConfigurationName = Release;
		};
		9A3AD47D1BCF538E00F2AB75 /* Build configuration list for PBXNativeTarget "SPlayer ExampleUITests" */ = {
			isa = XCConfigurationList;
			buildConfigurations = (
				9A3AD47E1BCF538E00F2AB75 /* Debug */,
				9A3AD47F1BCF538E00F2AB75 /* Release */,
			);
			defaultConfigurationIsVisible = 0;
			defaultConfigurationName = Release;
		};
/* End XCConfigurationList section */
	};
	rootObject = 9A3AD4471BCF538D00F2AB75 /* Project object */;
}
